
Microsoft Visual Studio Solution File, Format Version 12.00
# Visual Studio Version 16
VisualStudioVersion = 16.0.32126.315
MinimumVisualStudioVersion = 10.0.40219.1
Project("{FAE04EC0-301F-11D3-BF4B-00C04F79EFBC}") = "LayoutsDemo.Android", "LayoutsDemo\LayoutsDemo.Android\LayoutsDemo.Android.csproj", "{6C737E35-2CA0-4BA7-91A7-E6478392E919}"
EndProject
Project("{FAE04EC0-301F-11D3-BF4B-00C04F79EFBC}") = "LayoutsDemo.iOS", "LayoutsDemo\LayoutsDemo.iOS\LayoutsDemo.iOS.csproj", "{A6943F96-1F88-4FB6-AD4A-B8767B959381}"
EndProject
Project("{FAE04EC0-301F-11D3-BF4B-00C04F79EFBC}") = "LayoutsDemo", "LayoutsDemo\LayoutsDemo\LayoutsDemo.csproj", "{99CA88B8-E477-4079-B689-84DA53EE0CF7}"
EndProject
Global
	GlobalSection(SolutionConfigurationPlatforms) = preSolution
		Debug|Any CPU = Debug|Any CPU
		Debug|iPhone = Debug|iPhone
		Debug|iPhoneSimulator = Debug|iPhoneSimulator
		Release|Any CPU = Release|Any CPU
		Release|iPhone = Release|iPhone
		Release|iPhoneSimulator = Release|iPhoneSimulator
	EndGlobalSection
	GlobalSection(ProjectConfigurationPlatforms) = postSolution
		{6C737E35-2CA0-4BA7-91A7-E6478392E919}.Debug|Any CPU.ActiveCfg = Debug|Any CPU
		{6C737E35-2CA0-4BA7-91A7-E6478392E919}.Debug|Any CPU.Build.0 = Debug|Any CPU
		{6C737E35-2CA0-4BA7-91A7-E6478392E919}.Debug|Any CPU.Deploy.0 = Debug|Any CPU
		{6C737E35-2CA0-4BA7-91A7-E6478392E919}.Debug|iPhone.ActiveCfg = Debug|Any CPU
		{6C737E35-2CA0-4BA7-91A7-E6478392E919}.Debug|iPhone.Build.0 = Debug|Any CPU
		{6C737E35-2CA0-4BA7-91A7-E6478392E919}.Debug|iPhone.Deploy.0 = Debug|Any CPU
		{6C737E35-2CA0-4BA7-91A7-E6478392E919}.Debug|iPhoneSimulator.ActiveCfg = Debug|Any CPU
		{6C737E35-2CA0-4BA7-91A7-E6478392E919}.Debug|iPhoneSimulator.Build.0 = Debug|Any CPU
		{6C737E35-2CA0-4BA7-91A7-E6478392E919}.Debug|iPhoneSimulator.Deploy.0 = Debug|Any CPU
		{6C737E35-2CA0-4BA7-91A7-E6478392E919}.Release|Any CPU.ActiveCfg = Release|Any CPU
		{6C737E35-2CA0-4BA7-91A7-E6478392E919}.Release|Any CPU.Build.0 = Release|Any CPU
		{6C737E35-2CA0-4BA7-91A7-E6478392E919}.Release|Any CPU.Deploy.0 = Release|Any CPU
		{6C737E35-2CA0-4BA7-91A7-E6478392E919}.Release|iPhone.ActiveCfg = Release|Any CPU
		{6C737E35-2CA0-4BA7-91A7-E6478392E919}.Release|iPhone.Build.0 = Release|Any CPU
		{6C737E35-2CA0-4BA7-91A7-E6478392E919}.Release|iPhone.Deploy.0 = Release|Any CPU
		{6C737E35-2CA0-4BA7-91A7-E6478392E919}.Release|iPhoneSimulator.ActiveCfg = Release|Any CPU
		{6C737E35-2CA0-4BA7-91A7-E6478392E919}.Release|iPhoneSimulator.Build.0 = Release|Any CPU
		{6C737E35-2CA0-4BA7-91A7-E6478392E919}.Release|iPhoneSimulator.Deploy.0 = Release|Any CPU
		{A6943F96-1F88-4FB6-AD4A-B8767B959381}.Debug|Any CPU.ActiveCfg = Debug|iPhone
		{A6943F96-1F88-4FB6-AD4A-B8767B959381}.Debug|Any CPU.Build.0 = Debug|iPhone
		{A6943F96-1F88-4FB6-AD4A-B8767B959381}.Debug|Any CPU.Deploy.0 = Debug|iPhone
		{A6943F96-1F88-4FB6-AD4A-B8767B959381}.Debug|iPhone.ActiveCfg = Debug|iPhone
		{A6943F96-1F88-4FB6-AD4A-B8767B959381}.Debug|iPhone.Build.0 = Debug|iPhone
		{A6943F96-1F88-4FB6-AD4A-B8767B959381}.Debug|iPhone.Deploy.0 = Debug|iPhone
		{A6943F96-1F88-4FB6-AD4A-B8767B959381}.Debug|iPhoneSimulator.ActiveCfg = Debug|iPhoneSimulator
		{A6943F96-1F88-4FB6-AD4A-B8767B959381}.Debug|iPhoneSimulator.Build.0 = Debug|iPhoneSimulator
		{A6943F96-1F88-4FB6-AD4A-B8767B959381}.Debug|iPhoneSimulator.Deploy.0 = Debug|iPhoneSimulator
		{A6943F96-1F88-4FB6-AD4A-B8767B959381}.Release|Any CPU.ActiveCfg = Release|iPhoneSimulator
		{A6943F96-1F88-4FB6-AD4A-B8767B959381}.Release|Any CPU.Build.0 = Release|iPhoneSimulator
		{A6943F96-1F88-4FB6-AD4A-B8767B959381}.Release|Any CPU.Deploy.0 = Release|iPhoneSimulator
		{A6943F96-1F88-4FB6-AD4A-B8767B959381}.Release|iPhone.ActiveCfg = Release|iPhone
		{A6943F96-1F88-4FB6-AD4A-B8767B959381}.Release|iPhone.Build.0 = Release|iPhone
		{A6943F96-1F88-4FB6-AD4A-B8767B959381}.Release|iPhone.Deploy.0 = Release|iPhone
		{A6943F96-1F88-4FB6-AD4A-B8767B959381}.Release|iPhoneSimulator.ActiveCfg = Release|iPhoneSimulator
		{A6943F96-1F88-4FB6-AD4A-B8767B959381}.Release|iPhoneSimulator.Build.0 = Release|iPhoneSimulator
		{A6943F96-1F88-4FB6-AD4A-B8767B959381}.Release|iPhoneSimulator.Deploy.0 = Release|iPhoneSimulator
		{99CA88B8-E477-4079-B689-84DA53EE0CF7}.Debug|Any CPU.ActiveCfg = Debug|Any CPU
		{99CA88B8-E477-4079-B689-84DA53EE0CF7}.Debug|Any CPU.Build.0 = Debug|Any CPU
		{99CA88B8-E477-4079-B689-84DA53EE0CF7}.Debug|Any CPU.Deploy.0 = Debug|Any CPU
		{99CA88B8-E477-4079-B689-84DA53EE0CF7}.Debug|iPhone.ActiveCfg = Debug|Any CPU
		{99CA88B8-E477-4079-B689-84DA53EE0CF7}.Debug|iPhone.Build.0 = Debug|Any CPU
		{99CA88B8-E477-4079-B689-84DA53EE0CF7}.Debug|iPhone.Deploy.0 = Debug|Any CPU
		{99CA88B8-E477-4079-B689-84DA53EE0CF7}.Debug|iPhoneSimulator.ActiveCfg = Debug|Any CPU
		{99CA88B8-E477-4079-B689-84DA53EE0CF7}.Debug|iPhoneSimulator.Build.0 = Debug|Any CPU
		{99CA88B8-E477-4079-B689-84DA53EE0CF7}.Debug|iPhoneSimulator.Deploy.0 = Debug|Any CPU
		{99CA88B8-E477-4079-B689-84DA53EE0CF7}.Release|Any CPU.ActiveCfg = Release|Any CPU
		{99CA88B8-E477-4079-B689-84DA53EE0CF7}.Release|Any CPU.Build.0 = Release|Any CPU
		{99CA88B8-E477-4079-B689-84DA53EE0CF7}.Release|Any CPU.Deploy.0 = Release|Any CPU
		{99CA88B8-E477-4079-B689-84DA53EE0CF7}.Release|iPhone.ActiveCfg = Release|Any CPU
		{99CA88B8-E477-4079-B689-84DA53EE0CF7}.Release|iPhone.Build.0 = Release|Any CPU
		{99CA88B8-E477-4079-B689-84DA53EE0CF7}.Release|iPhone.Deploy.0 = Release|Any CPU
		{99CA88B8-E477-4079-B689-84DA53EE0CF7}.Release|iPhoneSimulator.ActiveCfg = Release|Any CPU
		{99CA88B8-E477-4079-B689-84DA53EE0CF7}.Release|iPhoneSimulator.Build.0 = Release|Any CPU
		{99CA88B8-E477-4079-B689-84DA53EE0CF7}.Release|iPhoneSimulator.Deploy.0 = Release|Any CPU
	EndGlobalSection
	GlobalSection(SolutionProperties) = preSolution
		HideSolutionNode = FALSE
	EndGlobalSection
	GlobalSection(ExtensibilityGlobals) = postSolution
		SolutionGuid = {376678D4-C3AD-48A7-842F-555A3444467D}
	EndGlobalSection
EndGlobal
